{
    "_readme": [
        "This file locks the dependencies of your project to a known state",
        "Read more about it at https://getcomposer.org/doc/01-basic-usage.md#installing-dependencies",
        "This file is @generated automatically"
    ],
    "content-hash": "c2a3d8c1eaf8d75eef9b48d1703b8ad3",
    "packages": [
        {
            "name": "isaacdew/overland-framework",
            "version": "dev-main",
            "source": {
                "type": "git",
                "url": "https://github.com/isaacdew/overland-framework.git",
                "reference": "21cc24aa6a5542dded95ca1ac01d552c706c02a5"
            },
            "dist": {
                "type": "zip",
                "url": "https://api.github.com/repos/isaacdew/overland-framework/zipball/21cc24aa6a5542dded95ca1ac01d552c706c02a5",
                "reference": "21cc24aa6a5542dded95ca1ac01d552c706c02a5",
                "shasum": ""
            },
            "require": {
                "php": "^8.0"
            },
            "require-dev": {
                "phpunit/phpunit": "^9.5"
            },
            "default-branch": true,
            "type": "library",
            "autoload": {
                "files": [
                    "bootstrap.php"
                ],
                "psr-4": {
                    "Overland\\": "src/"
                }
            },
            "autoload-dev": {
                "psr-4": {
                    "Overland\\Tests\\": "tests/"
                }
            },
            "authors": [
                {
                    "name": "Isaac Dew",
                    "email": "isaacbdew@gmail.com"
                }
            ],
            "description": "A small framework for writing WordPress REST API routes in the Laravel style.",
            "support": {
                "source": "https://github.com/isaacdew/overland-framework/tree/main",
                "issues": "https://github.com/isaacdew/overland-framework/issues"
            },
            "time": "2021-12-12T22:47:18+00:00"
        }
    ],
    "packages-dev": [],
    "aliases": [],
    "minimum-stability": "stable",
    "stability-flags": {
        "isaacdew/overland-framework": 20
    },
    "prefer-stable": false,
    "prefer-lowest": false,
    "platform": [],
    "platform-dev": [],
    "plugin-api-version": "2.1.0"
}
